
Microsoft Visual Studio Solution File, Format Version 12.00
# Visual Studio Version 17
VisualStudioVersion = 17.0.31903.59
MinimumVisualStudioVersion = 10.0.40219.1
Project("{2150E333-8FDC-42A3-9474-1A3956D46DE8}") = "Producer", "Producer", "{C29D74F7-B07C-4818-8694-39734C5164F3}"
EndProject
Project("{FAE04EC0-301F-11D3-BF4B-00C04F79EFBC}") = "Common", "Producer\Common\Common.csproj", "{A05CF96B-91A8-4938-B346-CF25F06FD740}"
EndProject
Project("{FAE04EC0-301F-11D3-BF4B-00C04F79EFBC}") = "Producer", "Producer\Producer\Producer.csproj", "{BA9B1919-57A7-4DDB-9E57-DDFD817CEDE4}"
EndProject
Project("{FAE04EC0-301F-11D3-BF4B-00C04F79EFBC}") = "SamplePlugin", "Producer\SamplePlugin\SamplePlugin.csproj", "{06C14CEB-ADE7-40FB-AF7B-5A8A0CA60277}"
EndProject
Global
	GlobalSection(SolutionConfigurationPlatforms) = preSolution
		Debug|Any CPU = Debug|Any CPU
		Release|Any CPU = Release|Any CPU
	EndGlobalSection
	GlobalSection(SolutionProperties) = preSolution
		HideSolutionNode = FALSE
	EndGlobalSection
	GlobalSection(ProjectConfigurationPlatforms) = postSolution
		{A05CF96B-91A8-4938-B346-CF25F06FD740}.Debug|Any CPU.ActiveCfg = Debug|Any CPU
		{A05CF96B-91A8-4938-B346-CF25F06FD740}.Debug|Any CPU.Build.0 = Debug|Any CPU
		{A05CF96B-91A8-4938-B346-CF25F06FD740}.Release|Any CPU.ActiveCfg = Release|Any CPU
		{A05CF96B-91A8-4938-B346-CF25F06FD740}.Release|Any CPU.Build.0 = Release|Any CPU
		{BA9B1919-57A7-4DDB-9E57-DDFD817CEDE4}.Debug|Any CPU.ActiveCfg = Debug|Any CPU
		{BA9B1919-57A7-4DDB-9E57-DDFD817CEDE4}.Debug|Any CPU.Build.0 = Debug|Any CPU
		{BA9B1919-57A7-4DDB-9E57-DDFD817CEDE4}.Release|Any CPU.ActiveCfg = Release|Any CPU
		{BA9B1919-57A7-4DDB-9E57-DDFD817CEDE4}.Release|Any CPU.Build.0 = Release|Any CPU
		{06C14CEB-ADE7-40FB-AF7B-5A8A0CA60277}.Debug|Any CPU.ActiveCfg = Debug|Any CPU
		{06C14CEB-ADE7-40FB-AF7B-5A8A0CA60277}.Debug|Any CPU.Build.0 = Debug|Any CPU
		{06C14CEB-ADE7-40FB-AF7B-5A8A0CA60277}.Release|Any CPU.ActiveCfg = Release|Any CPU
		{06C14CEB-ADE7-40FB-AF7B-5A8A0CA60277}.Release|Any CPU.Build.0 = Release|Any CPU
	EndGlobalSection
	GlobalSection(NestedProjects) = preSolution
		{A05CF96B-91A8-4938-B346-CF25F06FD740} = {C29D74F7-B07C-4818-8694-39734C5164F3}
		{BA9B1919-57A7-4DDB-9E57-DDFD817CEDE4} = {C29D74F7-B07C-4818-8694-39734C5164F3}
		{06C14CEB-ADE7-40FB-AF7B-5A8A0CA60277} = {C29D74F7-B07C-4818-8694-39734C5164F3}
	EndGlobalSection
EndGlobal
